Microsoft Visual Studio Solution File, Format Version 12.00
# Visual Studio Version 17
VisualStudioVersion = 17.5.2.0
MinimumVisualStudioVersion = 10.0.40219.1
Project("{2150E333-8FDC-42A3-9474-1A3956D46DE8}") = "services", "services", "{5854FF58-B8C5-05C6-5BF2-ACE42193F22B}"
EndProject
Project("{2150E333-8FDC-42A3-9474-1A3956D46DE8}") = "product-api", "product-api", "{5AB3D17D-5513-5F7C-E75D-D140586E429A}"
EndProject
Project("{FAE04EC0-301F-11D3-BF4B-00C04F79EFBC}") = "Product.Api", "services\product-api\src\Product.Api.csproj", "{3CD260A3-FA3A-2D77-1DCF-07AFC331DB77}"
EndProject
Global
	GlobalSection(SolutionConfigurationPlatforms) = preSolution
		Debug|Any CPU = Debug|Any CPU
		Release|Any CPU = Release|Any CPU
	EndGlobalSection
	GlobalSection(ProjectConfigurationPlatforms) = postSolution
		{3CD260A3-FA3A-2D77-1DCF-07AFC331DB77}.Debug|Any CPU.ActiveCfg = Debug|Any CPU
		{3CD260A3-FA3A-2D77-1DCF-07AFC331DB77}.Debug|Any CPU.Build.0 = Debug|Any CPU
		{3CD260A3-FA3A-2D77-1DCF-07AFC331DB77}.Release|Any CPU.ActiveCfg = Release|Any CPU
		{3CD260A3-FA3A-2D77-1DCF-07AFC331DB77}.Release|Any CPU.Build.0 = Release|Any CPU
	EndGlobalSection
	GlobalSection(SolutionProperties) = preSolution
		HideSolutionNode = FALSE
	EndGlobalSection
	GlobalSection(NestedProjects) = preSolution
		{5AB3D17D-5513-5F7C-E75D-D140586E429A} = {5854FF58-B8C5-05C6-5BF2-ACE42193F22B}
		{3CD260A3-FA3A-2D77-1DCF-07AFC331DB77} = {5AB3D17D-5513-5F7C-E75D-D140586E429A}
	EndGlobalSection
	GlobalSection(ExtensibilityGlobals) = postSolution
		SolutionGuid = {10852C99-AD2E-4B87-A721-3FB2ECB9DCDC}
	EndGlobalSection
EndGlobal
